
Microsoft Visual Studio Solution File, Format Version 12.00
# Visual Studio 15
Project("{FAE04EC0-301F-11D3-BF4B-00C04F79EFBC}") = "Assembly-CSharp", "Assembly-CSharp.csproj", "{AE09758E-0667-031F-07BC-35DC70E0FCCF}"
EndProject
Global
	GlobalSection(SolutionConfigurationPlatforms) = preSolution
		Debug|Any CPU = Debug|Any CPU
		Release|Any CPU = Release|Any CPU
	EndGlobalSection
	GlobalSection(ProjectConfigurationPlatforms) = postSolution
		{AE09758E-0667-031F-07BC-35DC70E0FCCF}.Debug|Any CPU.ActiveCfg = Debug|Any CPU
		{AE09758E-0667-031F-07BC-35DC70E0FCCF}.Debug|Any CPU.Build.0 = Debug|Any CPU
		{AE09758E-0667-031F-07BC-35DC70E0FCCF}.Release|Any CPU.ActiveCfg = Release|Any CPU
		{AE09758E-0667-031F-07BC-35DC70E0FCCF}.Release|Any CPU.Build.0 = Release|Any CPU
	EndGlobalSection
	GlobalSection(SolutionProperties) = preSolution
		HideSolutionNode = FALSE
	EndGlobalSection
EndGlobal
