
Microsoft Visual Studio Solution File, Format Version 12.00
# Visual Studio Version 16
VisualStudioVersion = 16.0.35229.62
MinimumVisualStudioVersion = 10.0.40219.1
Project("{2150E333-8FDC-42A3-9474-1A3956D46DE8}") = "CMakePredefinedTargets", "CMakePredefinedTargets", "{D2D2FA08-9BD3-3548-9CBE-8D339EBEC3F3}"
EndProject
Project("{8BC9CEB8-8B4A-11D0-8D11-00A0C91BC942}") = "ALL_BUILD", "ALL_BUILD.vcxproj", "{D4A9CA23-CA39-3F51-8096-3DBD0B101991}"
	ProjectSection(ProjectDependencies) = postProject
		{DFFE6B6D-8E2B-320C-9962-F87792295809} = {DFFE6B6D-8E2B-320C-9962-F87792295809}
		{6295F9E5-8C25-3DD6-947F-151502A4FFAB} = {6295F9E5-8C25-3DD6-947F-151502A4FFAB}
		{89DE4AD9-5592-3BC5-9B94-9894B872E6D6} = {89DE4AD9-5592-3BC5-9B94-9894B872E6D6}
		{ABC905D9-3A18-3AEA-B98C-F74224D931F0} = {ABC905D9-3A18-3AEA-B98C-F74224D931F0}
		{55FE7137-5570-32F2-A930-DD217BBC9BF1} = {55FE7137-5570-32F2-A930-DD217BBC9BF1}
		{EC4B97AD-0A17-3D1B-9046-BA4F585F33A9} = {EC4B97AD-0A17-3D1B-9046-BA4F585F33A9}
		{D2F9E40B-9E32-3CA9-8D05-AE39AC0A306D} = {D2F9E40B-9E32-3CA9-8D05-AE39AC0A306D}
		{F5F7C023-A1DF-3D8E-A2F0-27A663D27D5A} = {F5F7C023-A1DF-3D8E-A2F0-27A663D27D5A}
		{6FFB33F9-0C66-3F20-B488-94BA8878006B} = {6FFB33F9-0C66-3F20-B488-94BA8878006B}
		{33D33BE6-30C2-3B79-94D2-DD344BC20483} = {33D33BE6-30C2-3B79-94D2-DD344BC20483}
		{5CF4697C-FBF7-3AB1-ADF3-7AC440D2AEEC} = {5CF4697C-FBF7-3AB1-ADF3-7AC440D2AEEC}
		{91E3F8DA-E17D-3124-AE01-DD858F41FAC0} = {91E3F8DA-E17D-3124-AE01-DD858F41FAC0}
		{51F3DF93-4ECA-3B5F-AC53-E5ECFF7AEF99} = {51F3DF93-4ECA-3B5F-AC53-E5ECFF7AEF99}
		{33867754-C5B4-30DC-BEEF-569A84107727} = {33867754-C5B4-30DC-BEEF-569A84107727}
		{19B65435-2515-3D39-B8D1-D5815F649822} = {19B65435-2515-3D39-B8D1-D5815F649822}
		{2EAD6C3C-93FC-39CA-82CF-5C651DE9F85A} = {2EAD6C3C-93FC-39CA-82CF-5C651DE9F85A}
		{0266DAEE-2EDE-3BD5-B49A-706E71630028} = {0266DAEE-2EDE-3BD5-B49A-706E71630028}
		{9D71BB4A-76B1-3E17-8832-C293BC32C0EF} = {9D71BB4A-76B1-3E17-8832-C293BC32C0EF}
		{0C386CE5-74E0-3E7D-BF92-7EEE975DB8C0} = {0C386CE5-74E0-3E7D-BF92-7EEE975DB8C0}
		{D6681479-33A2-3D33-8EFC-9AB5F8071127} = {D6681479-33A2-3D33-8EFC-9AB5F8071127}
		{B4C97434-BBF4-3DD4-A85E-C40EFFF8D1D1} = {B4C97434-BBF4-3DD4-A85E-C40EFFF8D1D1}
		{93E64180-2E5B-3A12-84EB-0C0C9599E06E} = {93E64180-2E5B-3A12-84EB-0C0C9599E06E}
		{AA35C457-8C3B-35BF-BDFF-69F38AC214F2} = {AA35C457-8C3B-35BF-BDFF-69F38AC214F2}
		{205C2501-5B80-3A39-AEE6-2A19FDC77A3F} = {205C2501-5B80-3A39-AEE6-2A19FDC77A3F}
		{2B5C2C96-81C2-328F-9548-94AE139FB2E1} = {2B5C2C96-81C2-328F-9548-94AE139FB2E1}
		{560E10B0-F9AD-30B4-88D4-10951975363C} = {560E10B0-F9AD-30B4-88D4-10951975363C}
		{0E6B726C-F755-3794-AB0B-B30B3FFEF060} = {0E6B726C-F755-3794-AB0B-B30B3FFEF060}
		{FAE35B55-6B4A-3F07-A8DF-49229E806CF2} = {FAE35B55-6B4A-3F07-A8DF-49229E806CF2}
		{2AF8C19C-5A21-3E4C-89AF-0848C470F476} = {2AF8C19C-5A21-3E4C-89AF-0848C470F476}
		{FA9FA847-2D73-38B6-BD55-BE30158AC751} = {FA9FA847-2D73-38B6-BD55-BE30158AC751}
		{DA761722-7460-3AD5-B6C9-8E72A9136B1F} = {DA761722-7460-3AD5-B6C9-8E72A9136B1F}
		{CF67F048-279D-38CE-9C4D-C6991018249C} = {CF67F048-279D-38CE-9C4D-C6991018249C}
		{9DF3AF7F-79CA-3D4A-8460-150DAD4055EF} = {9DF3AF7F-79CA-3D4A-8460-150DAD4055EF}
		{2CA95068-1FAA-3934-93DF-6B7A20C9CA9E} = {2CA95068-1FAA-3934-93DF-6B7A20C9CA9E}
	EndProjectSection
EndProject
Project("{8BC9CEB8-8B4A-11D0-8D11-00A0C91BC942}") = "ZERO_CHECK", "ZERO_CHECK.vcxproj", "{DFFE6B6D-8E2B-320C-9962-F87792295809}"
EndProject
Project("{8BC9CEB8-8B4A-11D0-8D11-00A0C91BC942}") = "glad", "support\glad.vcxproj", "{6295F9E5-8C25-3DD6-947F-151502A4FFAB}"
	ProjectSection(ProjectDependencies) = postProject
		{DFFE6B6D-8E2B-320C-9962-F87792295809} = {DFFE6B6D-8E2B-320C-9962-F87792295809}
	EndProjectSection
EndProject
Project("{8BC9CEB8-8B4A-11D0-8D11-00A0C91BC942}") = "glfw", "support\GLFW\src\glfw.vcxproj", "{89DE4AD9-5592-3BC5-9B94-9894B872E6D6}"
	ProjectSection(ProjectDependencies) = postProject
		{DFFE6B6D-8E2B-320C-9962-F87792295809} = {DFFE6B6D-8E2B-320C-9962-F87792295809}
	EndProjectSection
EndProject
Project("{8BC9CEB8-8B4A-11D0-8D11-00A0C91BC942}") = "imgui", "support\imgui\imgui.vcxproj", "{ABC905D9-3A18-3AEA-B98C-F74224D931F0}"
	ProjectSection(ProjectDependencies) = postProject
		{DFFE6B6D-8E2B-320C-9962-F87792295809} = {DFFE6B6D-8E2B-320C-9962-F87792295809}
		{6295F9E5-8C25-3DD6-947F-151502A4FFAB} = {6295F9E5-8C25-3DD6-947F-151502A4FFAB}
		{89DE4AD9-5592-3BC5-9B94-9894B872E6D6} = {89DE4AD9-5592-3BC5-9B94-9894B872E6D6}
	EndProjectSection
EndProject
Project("{8BC9CEB8-8B4A-11D0-8D11-00A0C91BC942}") = "optixBoundValues", "optixBoundValues\optixBoundValues.vcxproj", "{55FE7137-5570-32F2-A930-DD217BBC9BF1}"
	ProjectSection(ProjectDependencies) = postProject
		{DFFE6B6D-8E2B-320C-9962-F87792295809} = {DFFE6B6D-8E2B-320C-9962-F87792295809}
		{6295F9E5-8C25-3DD6-947F-151502A4FFAB} = {6295F9E5-8C25-3DD6-947F-151502A4FFAB}
		{89DE4AD9-5592-3BC5-9B94-9894B872E6D6} = {89DE4AD9-5592-3BC5-9B94-9894B872E6D6}
		{ABC905D9-3A18-3AEA-B98C-F74224D931F0} = {ABC905D9-3A18-3AEA-B98C-F74224D931F0}
		{2CA95068-1FAA-3934-93DF-6B7A20C9CA9E} = {2CA95068-1FAA-3934-93DF-6B7A20C9CA9E}
	EndProjectSection
EndProject
Project("{8BC9CEB8-8B4A-11D0-8D11-00A0C91BC942}") = "optixCallablePrograms", "optixCallablePrograms\optixCallablePrograms.vcxproj", "{EC4B97AD-0A17-3D1B-9046-BA4F585F33A9}"
	ProjectSection(ProjectDependencies) = postProject
		{DFFE6B6D-8E2B-320C-9962-F87792295809} = {DFFE6B6D-8E2B-320C-9962-F87792295809}
		{6295F9E5-8C25-3DD6-947F-151502A4FFAB} = {6295F9E5-8C25-3DD6-947F-151502A4FFAB}
		{89DE4AD9-5592-3BC5-9B94-9894B872E6D6} = {89DE4AD9-5592-3BC5-9B94-9894B872E6D6}
		{ABC905D9-3A18-3AEA-B98C-F74224D931F0} = {ABC905D9-3A18-3AEA-B98C-F74224D931F0}
		{2CA95068-1FAA-3934-93DF-6B7A20C9CA9E} = {2CA95068-1FAA-3934-93DF-6B7A20C9CA9E}
	EndProjectSection
EndProject
Project("{8BC9CEB8-8B4A-11D0-8D11-00A0C91BC942}") = "optixCompileWithTasks", "optixCompileWithTasks\optixCompileWithTasks.vcxproj", "{D2F9E40B-9E32-3CA9-8D05-AE39AC0A306D}"
	ProjectSection(ProjectDependencies) = postProject
		{DFFE6B6D-8E2B-320C-9962-F87792295809} = {DFFE6B6D-8E2B-320C-9962-F87792295809}
		{6295F9E5-8C25-3DD6-947F-151502A4FFAB} = {6295F9E5-8C25-3DD6-947F-151502A4FFAB}
		{89DE4AD9-5592-3BC5-9B94-9894B872E6D6} = {89DE4AD9-5592-3BC5-9B94-9894B872E6D6}
		{ABC905D9-3A18-3AEA-B98C-F74224D931F0} = {ABC905D9-3A18-3AEA-B98C-F74224D931F0}
		{2CA95068-1FAA-3934-93DF-6B7A20C9CA9E} = {2CA95068-1FAA-3934-93DF-6B7A20C9CA9E}
	EndProjectSection
EndProject
Project("{8BC9CEB8-8B4A-11D0-8D11-00A0C91BC942}") = "optixConsole", "optixConsole\optixConsole.vcxproj", "{F5F7C023-A1DF-3D8E-A2F0-27A663D27D5A}"
	ProjectSection(ProjectDependencies) = postProject
		{DFFE6B6D-8E2B-320C-9962-F87792295809} = {DFFE6B6D-8E2B-320C-9962-F87792295809}
		{6295F9E5-8C25-3DD6-947F-151502A4FFAB} = {6295F9E5-8C25-3DD6-947F-151502A4FFAB}
		{89DE4AD9-5592-3BC5-9B94-9894B872E6D6} = {89DE4AD9-5592-3BC5-9B94-9894B872E6D6}
		{ABC905D9-3A18-3AEA-B98C-F74224D931F0} = {ABC905D9-3A18-3AEA-B98C-F74224D931F0}
		{2CA95068-1FAA-3934-93DF-6B7A20C9CA9E} = {2CA95068-1FAA-3934-93DF-6B7A20C9CA9E}
	EndProjectSection
EndProject
Project("{8BC9CEB8-8B4A-11D0-8D11-00A0C91BC942}") = "optixCurves", "optixCurves\optixCurves.vcxproj", "{6FFB33F9-0C66-3F20-B488-94BA8878006B}"
	ProjectSection(ProjectDependencies) = postProject
		{DFFE6B6D-8E2B-320C-9962-F87792295809} = {DFFE6B6D-8E2B-320C-9962-F87792295809}
		{6295F9E5-8C25-3DD6-947F-151502A4FFAB} = {6295F9E5-8C25-3DD6-947F-151502A4FFAB}
		{89DE4AD9-5592-3BC5-9B94-9894B872E6D6} = {89DE4AD9-5592-3BC5-9B94-9894B872E6D6}
		{ABC905D9-3A18-3AEA-B98C-F74224D931F0} = {ABC905D9-3A18-3AEA-B98C-F74224D931F0}
		{2CA95068-1FAA-3934-93DF-6B7A20C9CA9E} = {2CA95068-1FAA-3934-93DF-6B7A20C9CA9E}
	EndProjectSection
EndProject
Project("{8BC9CEB8-8B4A-11D0-8D11-00A0C91BC942}") = "optixCustomPrimitive", "optixCustomPrimitive\optixCustomPrimitive.vcxproj", "{33D33BE6-30C2-3B79-94D2-DD344BC20483}"
	ProjectSection(ProjectDependencies) = postProject
		{DFFE6B6D-8E2B-320C-9962-F87792295809} = {DFFE6B6D-8E2B-320C-9962-F87792295809}
		{6295F9E5-8C25-3DD6-947F-151502A4FFAB} = {6295F9E5-8C25-3DD6-947F-151502A4FFAB}
		{89DE4AD9-5592-3BC5-9B94-9894B872E6D6} = {89DE4AD9-5592-3BC5-9B94-9894B872E6D6}
		{ABC905D9-3A18-3AEA-B98C-F74224D931F0} = {ABC905D9-3A18-3AEA-B98C-F74224D931F0}
		{2CA95068-1FAA-3934-93DF-6B7A20C9CA9E} = {2CA95068-1FAA-3934-93DF-6B7A20C9CA9E}
	EndProjectSection
EndProject
Project("{8BC9CEB8-8B4A-11D0-8D11-00A0C91BC942}") = "optixCutouts", "optixCutouts\optixCutouts.vcxproj", "{5CF4697C-FBF7-3AB1-ADF3-7AC440D2AEEC}"
	ProjectSection(ProjectDependencies) = postProject
		{DFFE6B6D-8E2B-320C-9962-F87792295809} = {DFFE6B6D-8E2B-320C-9962-F87792295809}
		{6295F9E5-8C25-3DD6-947F-151502A4FFAB} = {6295F9E5-8C25-3DD6-947F-151502A4FFAB}
		{89DE4AD9-5592-3BC5-9B94-9894B872E6D6} = {89DE4AD9-5592-3BC5-9B94-9894B872E6D6}
		{ABC905D9-3A18-3AEA-B98C-F74224D931F0} = {ABC905D9-3A18-3AEA-B98C-F74224D931F0}
		{2CA95068-1FAA-3934-93DF-6B7A20C9CA9E} = {2CA95068-1FAA-3934-93DF-6B7A20C9CA9E}
	EndProjectSection
EndProject
Project("{8BC9CEB8-8B4A-11D0-8D11-00A0C91BC942}") = "optixDenoiser", "optixDenoiser\optixDenoiser.vcxproj", "{91E3F8DA-E17D-3124-AE01-DD858F41FAC0}"
	ProjectSection(ProjectDependencies) = postProject
		{DFFE6B6D-8E2B-320C-9962-F87792295809} = {DFFE6B6D-8E2B-320C-9962-F87792295809}
		{6295F9E5-8C25-3DD6-947F-151502A4FFAB} = {6295F9E5-8C25-3DD6-947F-151502A4FFAB}
		{89DE4AD9-5592-3BC5-9B94-9894B872E6D6} = {89DE4AD9-5592-3BC5-9B94-9894B872E6D6}
		{ABC905D9-3A18-3AEA-B98C-F74224D931F0} = {ABC905D9-3A18-3AEA-B98C-F74224D931F0}
		{2CA95068-1FAA-3934-93DF-6B7A20C9CA9E} = {2CA95068-1FAA-3934-93DF-6B7A20C9CA9E}
	EndProjectSection
EndProject
Project("{8BC9CEB8-8B4A-11D0-8D11-00A0C91BC942}") = "optixDisplacedMicromesh", "optixDisplacedMicromesh\optixDisplacedMicromesh.vcxproj", "{51F3DF93-4ECA-3B5F-AC53-E5ECFF7AEF99}"
	ProjectSection(ProjectDependencies) = postProject
		{DFFE6B6D-8E2B-320C-9962-F87792295809} = {DFFE6B6D-8E2B-320C-9962-F87792295809}
		{6295F9E5-8C25-3DD6-947F-151502A4FFAB} = {6295F9E5-8C25-3DD6-947F-151502A4FFAB}
		{89DE4AD9-5592-3BC5-9B94-9894B872E6D6} = {89DE4AD9-5592-3BC5-9B94-9894B872E6D6}
		{ABC905D9-3A18-3AEA-B98C-F74224D931F0} = {ABC905D9-3A18-3AEA-B98C-F74224D931F0}
		{2CA95068-1FAA-3934-93DF-6B7A20C9CA9E} = {2CA95068-1FAA-3934-93DF-6B7A20C9CA9E}
	EndProjectSection
EndProject
Project("{8BC9CEB8-8B4A-11D0-8D11-00A0C91BC942}") = "optixDynamicGeometry", "optixDynamicGeometry\optixDynamicGeometry.vcxproj", "{33867754-C5B4-30DC-BEEF-569A84107727}"
	ProjectSection(ProjectDependencies) = postProject
		{DFFE6B6D-8E2B-320C-9962-F87792295809} = {DFFE6B6D-8E2B-320C-9962-F87792295809}
		{6295F9E5-8C25-3DD6-947F-151502A4FFAB} = {6295F9E5-8C25-3DD6-947F-151502A4FFAB}
		{89DE4AD9-5592-3BC5-9B94-9894B872E6D6} = {89DE4AD9-5592-3BC5-9B94-9894B872E6D6}
		{ABC905D9-3A18-3AEA-B98C-F74224D931F0} = {ABC905D9-3A18-3AEA-B98C-F74224D931F0}
		{2CA95068-1FAA-3934-93DF-6B7A20C9CA9E} = {2CA95068-1FAA-3934-93DF-6B7A20C9CA9E}
	EndProjectSection
EndProject
Project("{8BC9CEB8-8B4A-11D0-8D11-00A0C91BC942}") = "optixDynamicMaterials", "optixDynamicMaterials\optixDynamicMaterials.vcxproj", "{19B65435-2515-3D39-B8D1-D5815F649822}"
	ProjectSection(ProjectDependencies) = postProject
		{DFFE6B6D-8E2B-320C-9962-F87792295809} = {DFFE6B6D-8E2B-320C-9962-F87792295809}
		{6295F9E5-8C25-3DD6-947F-151502A4FFAB} = {6295F9E5-8C25-3DD6-947F-151502A4FFAB}
		{89DE4AD9-5592-3BC5-9B94-9894B872E6D6} = {89DE4AD9-5592-3BC5-9B94-9894B872E6D6}
		{ABC905D9-3A18-3AEA-B98C-F74224D931F0} = {ABC905D9-3A18-3AEA-B98C-F74224D931F0}
		{2CA95068-1FAA-3934-93DF-6B7A20C9CA9E} = {2CA95068-1FAA-3934-93DF-6B7A20C9CA9E}
	EndProjectSection
EndProject
Project("{8BC9CEB8-8B4A-11D0-8D11-00A0C91BC942}") = "optixHair", "optixHair\optixHair.vcxproj", "{2EAD6C3C-93FC-39CA-82CF-5C651DE9F85A}"
	ProjectSection(ProjectDependencies) = postProject
		{DFFE6B6D-8E2B-320C-9962-F87792295809} = {DFFE6B6D-8E2B-320C-9962-F87792295809}
		{6295F9E5-8C25-3DD6-947F-151502A4FFAB} = {6295F9E5-8C25-3DD6-947F-151502A4FFAB}
		{89DE4AD9-5592-3BC5-9B94-9894B872E6D6} = {89DE4AD9-5592-3BC5-9B94-9894B872E6D6}
		{ABC905D9-3A18-3AEA-B98C-F74224D931F0} = {ABC905D9-3A18-3AEA-B98C-F74224D931F0}
		{2CA95068-1FAA-3934-93DF-6B7A20C9CA9E} = {2CA95068-1FAA-3934-93DF-6B7A20C9CA9E}
	EndProjectSection
EndProject
Project("{8BC9CEB8-8B4A-11D0-8D11-00A0C91BC942}") = "optixHello", "optixHello\optixHello.vcxproj", "{0266DAEE-2EDE-3BD5-B49A-706E71630028}"
	ProjectSection(ProjectDependencies) = postProject
		{DFFE6B6D-8E2B-320C-9962-F87792295809} = {DFFE6B6D-8E2B-320C-9962-F87792295809}
		{6295F9E5-8C25-3DD6-947F-151502A4FFAB} = {6295F9E5-8C25-3DD6-947F-151502A4FFAB}
		{89DE4AD9-5592-3BC5-9B94-9894B872E6D6} = {89DE4AD9-5592-3BC5-9B94-9894B872E6D6}
		{ABC905D9-3A18-3AEA-B98C-F74224D931F0} = {ABC905D9-3A18-3AEA-B98C-F74224D931F0}
		{2CA95068-1FAA-3934-93DF-6B7A20C9CA9E} = {2CA95068-1FAA-3934-93DF-6B7A20C9CA9E}
	EndProjectSection
EndProject
Project("{8BC9CEB8-8B4A-11D0-8D11-00A0C91BC942}") = "optixMeshViewer", "optixMeshViewer\optixMeshViewer.vcxproj", "{9D71BB4A-76B1-3E17-8832-C293BC32C0EF}"
	ProjectSection(ProjectDependencies) = postProject
		{DFFE6B6D-8E2B-320C-9962-F87792295809} = {DFFE6B6D-8E2B-320C-9962-F87792295809}
		{6295F9E5-8C25-3DD6-947F-151502A4FFAB} = {6295F9E5-8C25-3DD6-947F-151502A4FFAB}
		{89DE4AD9-5592-3BC5-9B94-9894B872E6D6} = {89DE4AD9-5592-3BC5-9B94-9894B872E6D6}
		{ABC905D9-3A18-3AEA-B98C-F74224D931F0} = {ABC905D9-3A18-3AEA-B98C-F74224D931F0}
		{2CA95068-1FAA-3934-93DF-6B7A20C9CA9E} = {2CA95068-1FAA-3934-93DF-6B7A20C9CA9E}
	EndProjectSection
EndProject
Project("{8BC9CEB8-8B4A-11D0-8D11-00A0C91BC942}") = "optixModuleCreateAbort", "optixModuleCreateAbort\optixModuleCreateAbort.vcxproj", "{0C386CE5-74E0-3E7D-BF92-7EEE975DB8C0}"
	ProjectSection(ProjectDependencies) = postProject
		{DFFE6B6D-8E2B-320C-9962-F87792295809} = {DFFE6B6D-8E2B-320C-9962-F87792295809}
		{6295F9E5-8C25-3DD6-947F-151502A4FFAB} = {6295F9E5-8C25-3DD6-947F-151502A4FFAB}
		{89DE4AD9-5592-3BC5-9B94-9894B872E6D6} = {89DE4AD9-5592-3BC5-9B94-9894B872E6D6}
		{ABC905D9-3A18-3AEA-B98C-F74224D931F0} = {ABC905D9-3A18-3AEA-B98C-F74224D931F0}
		{D6681479-33A2-3D33-8EFC-9AB5F8071127} = {D6681479-33A2-3D33-8EFC-9AB5F8071127}
		{2CA95068-1FAA-3934-93DF-6B7A20C9CA9E} = {2CA95068-1FAA-3934-93DF-6B7A20C9CA9E}
	EndProjectSection
EndProject
Project("{8BC9CEB8-8B4A-11D0-8D11-00A0C91BC942}") = "optixModuleCreateProcess", "optixModuleCreateAbort\optixModuleCreateProcess.vcxproj", "{D6681479-33A2-3D33-8EFC-9AB5F8071127}"
	ProjectSection(ProjectDependencies) = postProject
		{DFFE6B6D-8E2B-320C-9962-F87792295809} = {DFFE6B6D-8E2B-320C-9962-F87792295809}
		{6295F9E5-8C25-3DD6-947F-151502A4FFAB} = {6295F9E5-8C25-3DD6-947F-151502A4FFAB}
		{2CA95068-1FAA-3934-93DF-6B7A20C9CA9E} = {2CA95068-1FAA-3934-93DF-6B7A20C9CA9E}
	EndProjectSection
EndProject
Project("{8BC9CEB8-8B4A-11D0-8D11-00A0C91BC942}") = "optixMotionGeometry", "optixMotionGeometry\optixMotionGeometry.vcxproj", "{B4C97434-BBF4-3DD4-A85E-C40EFFF8D1D1}"
	ProjectSection(ProjectDependencies) = postProject
		{DFFE6B6D-8E2B-320C-9962-F87792295809} = {DFFE6B6D-8E2B-320C-9962-F87792295809}
		{6295F9E5-8C25-3DD6-947F-151502A4FFAB} = {6295F9E5-8C25-3DD6-947F-151502A4FFAB}
		{89DE4AD9-5592-3BC5-9B94-9894B872E6D6} = {89DE4AD9-5592-3BC5-9B94-9894B872E6D6}
		{ABC905D9-3A18-3AEA-B98C-F74224D931F0} = {ABC905D9-3A18-3AEA-B98C-F74224D931F0}
		{2CA95068-1FAA-3934-93DF-6B7A20C9CA9E} = {2CA95068-1FAA-3934-93DF-6B7A20C9CA9E}
	EndProjectSection
EndProject
Project("{8BC9CEB8-8B4A-11D0-8D11-00A0C91BC942}") = "optixMultiGPU", "optixMultiGPU\optixMultiGPU.vcxproj", "{93E64180-2E5B-3A12-84EB-0C0C9599E06E}"
	ProjectSection(ProjectDependencies) = postProject
		{DFFE6B6D-8E2B-320C-9962-F87792295809} = {DFFE6B6D-8E2B-320C-9962-F87792295809}
		{6295F9E5-8C25-3DD6-947F-151502A4FFAB} = {6295F9E5-8C25-3DD6-947F-151502A4FFAB}
		{89DE4AD9-5592-3BC5-9B94-9894B872E6D6} = {89DE4AD9-5592-3BC5-9B94-9894B872E6D6}
		{ABC905D9-3A18-3AEA-B98C-F74224D931F0} = {ABC905D9-3A18-3AEA-B98C-F74224D931F0}
		{2CA95068-1FAA-3934-93DF-6B7A20C9CA9E} = {2CA95068-1FAA-3934-93DF-6B7A20C9CA9E}
	EndProjectSection
EndProject
Project("{8BC9CEB8-8B4A-11D0-8D11-00A0C91BC942}") = "optixNVLink", "optixNVLink\optixNVLink.vcxproj", "{AA35C457-8C3B-35BF-BDFF-69F38AC214F2}"
	ProjectSection(ProjectDependencies) = postProject
		{DFFE6B6D-8E2B-320C-9962-F87792295809} = {DFFE6B6D-8E2B-320C-9962-F87792295809}
		{6295F9E5-8C25-3DD6-947F-151502A4FFAB} = {6295F9E5-8C25-3DD6-947F-151502A4FFAB}
		{89DE4AD9-5592-3BC5-9B94-9894B872E6D6} = {89DE4AD9-5592-3BC5-9B94-9894B872E6D6}
		{ABC905D9-3A18-3AEA-B98C-F74224D931F0} = {ABC905D9-3A18-3AEA-B98C-F74224D931F0}
		{2CA95068-1FAA-3934-93DF-6B7A20C9CA9E} = {2CA95068-1FAA-3934-93DF-6B7A20C9CA9E}
	EndProjectSection
EndProject
Project("{8BC9CEB8-8B4A-11D0-8D11-00A0C91BC942}") = "optixOpacityMicromap", "optixOpacityMicromap\optixOpacityMicromap.vcxproj", "{205C2501-5B80-3A39-AEE6-2A19FDC77A3F}"
	ProjectSection(ProjectDependencies) = postProject
		{DFFE6B6D-8E2B-320C-9962-F87792295809} = {DFFE6B6D-8E2B-320C-9962-F87792295809}
		{6295F9E5-8C25-3DD6-947F-151502A4FFAB} = {6295F9E5-8C25-3DD6-947F-151502A4FFAB}
		{89DE4AD9-5592-3BC5-9B94-9894B872E6D6} = {89DE4AD9-5592-3BC5-9B94-9894B872E6D6}
		{ABC905D9-3A18-3AEA-B98C-F74224D931F0} = {ABC905D9-3A18-3AEA-B98C-F74224D931F0}
		{2CA95068-1FAA-3934-93DF-6B7A20C9CA9E} = {2CA95068-1FAA-3934-93DF-6B7A20C9CA9E}
	EndProjectSection
EndProject
Project("{8BC9CEB8-8B4A-11D0-8D11-00A0C91BC942}") = "optixOpticalFlow", "optixOpticalFlow\optixOpticalFlow.vcxproj", "{2B5C2C96-81C2-328F-9548-94AE139FB2E1}"
	ProjectSection(ProjectDependencies) = postProject
		{DFFE6B6D-8E2B-320C-9962-F87792295809} = {DFFE6B6D-8E2B-320C-9962-F87792295809}
		{6295F9E5-8C25-3DD6-947F-151502A4FFAB} = {6295F9E5-8C25-3DD6-947F-151502A4FFAB}
		{89DE4AD9-5592-3BC5-9B94-9894B872E6D6} = {89DE4AD9-5592-3BC5-9B94-9894B872E6D6}
		{ABC905D9-3A18-3AEA-B98C-F74224D931F0} = {ABC905D9-3A18-3AEA-B98C-F74224D931F0}
		{2CA95068-1FAA-3934-93DF-6B7A20C9CA9E} = {2CA95068-1FAA-3934-93DF-6B7A20C9CA9E}
	EndProjectSection
EndProject
Project("{8BC9CEB8-8B4A-11D0-8D11-00A0C91BC942}") = "optixPathTracer", "optixPathTracer\optixPathTracer.vcxproj", "{560E10B0-F9AD-30B4-88D4-10951975363C}"
	ProjectSection(ProjectDependencies) = postProject
		{DFFE6B6D-8E2B-320C-9962-F87792295809} = {DFFE6B6D-8E2B-320C-9962-F87792295809}
		{6295F9E5-8C25-3DD6-947F-151502A4FFAB} = {6295F9E5-8C25-3DD6-947F-151502A4FFAB}
		{89DE4AD9-5592-3BC5-9B94-9894B872E6D6} = {89DE4AD9-5592-3BC5-9B94-9894B872E6D6}
		{ABC905D9-3A18-3AEA-B98C-F74224D931F0} = {ABC905D9-3A18-3AEA-B98C-F74224D931F0}
		{2CA95068-1FAA-3934-93DF-6B7A20C9CA9E} = {2CA95068-1FAA-3934-93DF-6B7A20C9CA9E}
	EndProjectSection
EndProject
Project("{8BC9CEB8-8B4A-11D0-8D11-00A0C91BC942}") = "optixRaycasting", "optixRaycasting\optixRaycasting.vcxproj", "{0E6B726C-F755-3794-AB0B-B30B3FFEF060}"
	ProjectSection(ProjectDependencies) = postProject
		{DFFE6B6D-8E2B-320C-9962-F87792295809} = {DFFE6B6D-8E2B-320C-9962-F87792295809}
		{6295F9E5-8C25-3DD6-947F-151502A4FFAB} = {6295F9E5-8C25-3DD6-947F-151502A4FFAB}
		{89DE4AD9-5592-3BC5-9B94-9894B872E6D6} = {89DE4AD9-5592-3BC5-9B94-9894B872E6D6}
		{ABC905D9-3A18-3AEA-B98C-F74224D931F0} = {ABC905D9-3A18-3AEA-B98C-F74224D931F0}
		{2CA95068-1FAA-3934-93DF-6B7A20C9CA9E} = {2CA95068-1FAA-3934-93DF-6B7A20C9CA9E}
	EndProjectSection
EndProject
Project("{8BC9CEB8-8B4A-11D0-8D11-00A0C91BC942}") = "optixRibbons", "optixRibbons\optixRibbons.vcxproj", "{FAE35B55-6B4A-3F07-A8DF-49229E806CF2}"
	ProjectSection(ProjectDependencies) = postProject
		{DFFE6B6D-8E2B-320C-9962-F87792295809} = {DFFE6B6D-8E2B-320C-9962-F87792295809}
		{6295F9E5-8C25-3DD6-947F-151502A4FFAB} = {6295F9E5-8C25-3DD6-947F-151502A4FFAB}
		{89DE4AD9-5592-3BC5-9B94-9894B872E6D6} = {89DE4AD9-5592-3BC5-9B94-9894B872E6D6}
		{ABC905D9-3A18-3AEA-B98C-F74224D931F0} = {ABC905D9-3A18-3AEA-B98C-F74224D931F0}
		{2CA95068-1FAA-3934-93DF-6B7A20C9CA9E} = {2CA95068-1FAA-3934-93DF-6B7A20C9CA9E}
	EndProjectSection
EndProject
Project("{8BC9CEB8-8B4A-11D0-8D11-00A0C91BC942}") = "optixSimpleMotionBlur", "optixSimpleMotionBlur\optixSimpleMotionBlur.vcxproj", "{2AF8C19C-5A21-3E4C-89AF-0848C470F476}"
	ProjectSection(ProjectDependencies) = postProject
		{DFFE6B6D-8E2B-320C-9962-F87792295809} = {DFFE6B6D-8E2B-320C-9962-F87792295809}
		{6295F9E5-8C25-3DD6-947F-151502A4FFAB} = {6295F9E5-8C25-3DD6-947F-151502A4FFAB}
		{89DE4AD9-5592-3BC5-9B94-9894B872E6D6} = {89DE4AD9-5592-3BC5-9B94-9894B872E6D6}
		{ABC905D9-3A18-3AEA-B98C-F74224D931F0} = {ABC905D9-3A18-3AEA-B98C-F74224D931F0}
		{2CA95068-1FAA-3934-93DF-6B7A20C9CA9E} = {2CA95068-1FAA-3934-93DF-6B7A20C9CA9E}
	EndProjectSection
EndProject
Project("{8BC9CEB8-8B4A-11D0-8D11-00A0C91BC942}") = "optixSphere", "optixSphere\optixSphere.vcxproj", "{FA9FA847-2D73-38B6-BD55-BE30158AC751}"
	ProjectSection(ProjectDependencies) = postProject
		{DFFE6B6D-8E2B-320C-9962-F87792295809} = {DFFE6B6D-8E2B-320C-9962-F87792295809}
		{6295F9E5-8C25-3DD6-947F-151502A4FFAB} = {6295F9E5-8C25-3DD6-947F-151502A4FFAB}
		{89DE4AD9-5592-3BC5-9B94-9894B872E6D6} = {89DE4AD9-5592-3BC5-9B94-9894B872E6D6}
		{ABC905D9-3A18-3AEA-B98C-F74224D931F0} = {ABC905D9-3A18-3AEA-B98C-F74224D931F0}
		{2CA95068-1FAA-3934-93DF-6B7A20C9CA9E} = {2CA95068-1FAA-3934-93DF-6B7A20C9CA9E}
	EndProjectSection
EndProject
Project("{8BC9CEB8-8B4A-11D0-8D11-00A0C91BC942}") = "optixTriangle", "optixTriangle\optixTriangle.vcxproj", "{DA761722-7460-3AD5-B6C9-8E72A9136B1F}"
	ProjectSection(ProjectDependencies) = postProject
		{DFFE6B6D-8E2B-320C-9962-F87792295809} = {DFFE6B6D-8E2B-320C-9962-F87792295809}
		{6295F9E5-8C25-3DD6-947F-151502A4FFAB} = {6295F9E5-8C25-3DD6-947F-151502A4FFAB}
		{89DE4AD9-5592-3BC5-9B94-9894B872E6D6} = {89DE4AD9-5592-3BC5-9B94-9894B872E6D6}
		{ABC905D9-3A18-3AEA-B98C-F74224D931F0} = {ABC905D9-3A18-3AEA-B98C-F74224D931F0}
		{2CA95068-1FAA-3934-93DF-6B7A20C9CA9E} = {2CA95068-1FAA-3934-93DF-6B7A20C9CA9E}
	EndProjectSection
EndProject
Project("{8BC9CEB8-8B4A-11D0-8D11-00A0C91BC942}") = "optixVolumeViewer", "optixVolumeViewer\optixVolumeViewer.vcxproj", "{CF67F048-279D-38CE-9C4D-C6991018249C}"
	ProjectSection(ProjectDependencies) = postProject
		{DFFE6B6D-8E2B-320C-9962-F87792295809} = {DFFE6B6D-8E2B-320C-9962-F87792295809}
		{6295F9E5-8C25-3DD6-947F-151502A4FFAB} = {6295F9E5-8C25-3DD6-947F-151502A4FFAB}
		{89DE4AD9-5592-3BC5-9B94-9894B872E6D6} = {89DE4AD9-5592-3BC5-9B94-9894B872E6D6}
		{ABC905D9-3A18-3AEA-B98C-F74224D931F0} = {ABC905D9-3A18-3AEA-B98C-F74224D931F0}
		{2CA95068-1FAA-3934-93DF-6B7A20C9CA9E} = {2CA95068-1FAA-3934-93DF-6B7A20C9CA9E}
	EndProjectSection
EndProject
Project("{8BC9CEB8-8B4A-11D0-8D11-00A0C91BC942}") = "optixWhitted", "optixWhitted\optixWhitted.vcxproj", "{9DF3AF7F-79CA-3D4A-8460-150DAD4055EF}"
	ProjectSection(ProjectDependencies) = postProject
		{DFFE6B6D-8E2B-320C-9962-F87792295809} = {DFFE6B6D-8E2B-320C-9962-F87792295809}
		{6295F9E5-8C25-3DD6-947F-151502A4FFAB} = {6295F9E5-8C25-3DD6-947F-151502A4FFAB}
		{89DE4AD9-5592-3BC5-9B94-9894B872E6D6} = {89DE4AD9-5592-3BC5-9B94-9894B872E6D6}
		{ABC905D9-3A18-3AEA-B98C-F74224D931F0} = {ABC905D9-3A18-3AEA-B98C-F74224D931F0}
		{2CA95068-1FAA-3934-93DF-6B7A20C9CA9E} = {2CA95068-1FAA-3934-93DF-6B7A20C9CA9E}
	EndProjectSection
EndProject
Project("{8BC9CEB8-8B4A-11D0-8D11-00A0C91BC942}") = "sutil_7_sdk", "sutil\sutil_7_sdk.vcxproj", "{2CA95068-1FAA-3934-93DF-6B7A20C9CA9E}"
	ProjectSection(ProjectDependencies) = postProject
		{DFFE6B6D-8E2B-320C-9962-F87792295809} = {DFFE6B6D-8E2B-320C-9962-F87792295809}
		{6295F9E5-8C25-3DD6-947F-151502A4FFAB} = {6295F9E5-8C25-3DD6-947F-151502A4FFAB}
		{89DE4AD9-5592-3BC5-9B94-9894B872E6D6} = {89DE4AD9-5592-3BC5-9B94-9894B872E6D6}
		{ABC905D9-3A18-3AEA-B98C-F74224D931F0} = {ABC905D9-3A18-3AEA-B98C-F74224D931F0}
	EndProjectSection
EndProject
Project("{8BC9CEB8-8B4A-11D0-8D11-00A0C91BC942}") = "CudaRuntime1", "..\CudaRuntime1\CudaRuntime1.vcxproj", "{651CFA81-0BC3-4D5A-AF48-719BE308CB57}"
EndProject
Global
	GlobalSection(SolutionConfigurationPlatforms) = preSolution
		Debug|x64 = Debug|x64
		MinSizeRel|x64 = MinSizeRel|x64
		Release|x64 = Release|x64
		RelWithDebInfo|x64 = RelWithDebInfo|x64
	EndGlobalSection
	GlobalSection(ProjectConfigurationPlatforms) = postSolution
		{D4A9CA23-CA39-3F51-8096-3DBD0B101991}.Debug|x64.ActiveCfg = Debug|x64
		{D4A9CA23-CA39-3F51-8096-3DBD0B101991}.Debug|x64.Build.0 = Debug|x64
		{D4A9CA23-CA39-3F51-8096-3DBD0B101991}.MinSizeRel|x64.ActiveCfg = MinSizeRel|x64
		{D4A9CA23-CA39-3F51-8096-3DBD0B101991}.Release|x64.ActiveCfg = Release|x64
		{D4A9CA23-CA39-3F51-8096-3DBD0B101991}.RelWithDebInfo|x64.ActiveCfg = RelWithDebInfo|x64
		{DFFE6B6D-8E2B-320C-9962-F87792295809}.Debug|x64.ActiveCfg = Debug|x64
		{DFFE6B6D-8E2B-320C-9962-F87792295809}.Debug|x64.Build.0 = Debug|x64
		{DFFE6B6D-8E2B-320C-9962-F87792295809}.MinSizeRel|x64.ActiveCfg = MinSizeRel|x64
		{DFFE6B6D-8E2B-320C-9962-F87792295809}.MinSizeRel|x64.Build.0 = MinSizeRel|x64
		{DFFE6B6D-8E2B-320C-9962-F87792295809}.Release|x64.ActiveCfg = Release|x64
		{DFFE6B6D-8E2B-320C-9962-F87792295809}.Release|x64.Build.0 = Release|x64
		{DFFE6B6D-8E2B-320C-9962-F87792295809}.RelWithDebInfo|x64.ActiveCfg = RelWithDebInfo|x64
		{DFFE6B6D-8E2B-320C-9962-F87792295809}.RelWithDebInfo|x64.Build.0 = RelWithDebInfo|x64
		{6295F9E5-8C25-3DD6-947F-151502A4FFAB}.Debug|x64.ActiveCfg = Debug|x64
		{6295F9E5-8C25-3DD6-947F-151502A4FFAB}.Debug|x64.Build.0 = Debug|x64
		{6295F9E5-8C25-3DD6-947F-151502A4FFAB}.MinSizeRel|x64.ActiveCfg = MinSizeRel|x64
		{6295F9E5-8C25-3DD6-947F-151502A4FFAB}.MinSizeRel|x64.Build.0 = MinSizeRel|x64
		{6295F9E5-8C25-3DD6-947F-151502A4FFAB}.Release|x64.ActiveCfg = Release|x64
		{6295F9E5-8C25-3DD6-947F-151502A4FFAB}.Release|x64.Build.0 = Release|x64
		{6295F9E5-8C25-3DD6-947F-151502A4FFAB}.RelWithDebInfo|x64.ActiveCfg = RelWithDebInfo|x64
		{6295F9E5-8C25-3DD6-947F-151502A4FFAB}.RelWithDebInfo|x64.Build.0 = RelWithDebInfo|x64
		{89DE4AD9-5592-3BC5-9B94-9894B872E6D6}.Debug|x64.ActiveCfg = Debug|x64
		{89DE4AD9-5592-3BC5-9B94-9894B872E6D6}.Debug|x64.Build.0 = Debug|x64
		{89DE4AD9-5592-3BC5-9B94-9894B872E6D6}.MinSizeRel|x64.ActiveCfg = MinSizeRel|x64
		{89DE4AD9-5592-3BC5-9B94-9894B872E6D6}.MinSizeRel|x64.Build.0 = MinSizeRel|x64
		{89DE4AD9-5592-3BC5-9B94-9894B872E6D6}.Release|x64.ActiveCfg = Release|x64
		{89DE4AD9-5592-3BC5-9B94-9894B872E6D6}.Release|x64.Build.0 = Release|x64
		{89DE4AD9-5592-3BC5-9B94-9894B872E6D6}.RelWithDebInfo|x64.ActiveCfg = RelWithDebInfo|x64
		{89DE4AD9-5592-3BC5-9B94-9894B872E6D6}.RelWithDebInfo|x64.Build.0 = RelWithDebInfo|x64
		{ABC905D9-3A18-3AEA-B98C-F74224D931F0}.Debug|x64.ActiveCfg = Debug|x64
		{ABC905D9-3A18-3AEA-B98C-F74224D931F0}.Debug|x64.Build.0 = Debug|x64
		{ABC905D9-3A18-3AEA-B98C-F74224D931F0}.MinSizeRel|x64.ActiveCfg = MinSizeRel|x64
		{ABC905D9-3A18-3AEA-B98C-F74224D931F0}.MinSizeRel|x64.Build.0 = MinSizeRel|x64
		{ABC905D9-3A18-3AEA-B98C-F74224D931F0}.Release|x64.ActiveCfg = Release|x64
		{ABC905D9-3A18-3AEA-B98C-F74224D931F0}.Release|x64.Build.0 = Release|x64
		{ABC905D9-3A18-3AEA-B98C-F74224D931F0}.RelWithDebInfo|x64.ActiveCfg = RelWithDebInfo|x64
		{ABC905D9-3A18-3AEA-B98C-F74224D931F0}.RelWithDebInfo|x64.Build.0 = RelWithDebInfo|x64
		{55FE7137-5570-32F2-A930-DD217BBC9BF1}.Debug|x64.ActiveCfg = Debug|x64
		{55FE7137-5570-32F2-A930-DD217BBC9BF1}.Debug|x64.Build.0 = Debug|x64
		{55FE7137-5570-32F2-A930-DD217BBC9BF1}.MinSizeRel|x64.ActiveCfg = MinSizeRel|x64
		{55FE7137-5570-32F2-A930-DD217BBC9BF1}.MinSizeRel|x64.Build.0 = MinSizeRel|x64
		{55FE7137-5570-32F2-A930-DD217BBC9BF1}.Release|x64.ActiveCfg = Release|x64
		{55FE7137-5570-32F2-A930-DD217BBC9BF1}.Release|x64.Build.0 = Release|x64
		{55FE7137-5570-32F2-A930-DD217BBC9BF1}.RelWithDebInfo|x64.ActiveCfg = RelWithDebInfo|x64
		{55FE7137-5570-32F2-A930-DD217BBC9BF1}.RelWithDebInfo|x64.Build.0 = RelWithDebInfo|x64
		{EC4B97AD-0A17-3D1B-9046-BA4F585F33A9}.Debug|x64.ActiveCfg = Debug|x64
		{EC4B97AD-0A17-3D1B-9046-BA4F585F33A9}.Debug|x64.Build.0 = Debug|x64
		{EC4B97AD-0A17-3D1B-9046-BA4F585F33A9}.MinSizeRel|x64.ActiveCfg = MinSizeRel|x64
		{EC4B97AD-0A17-3D1B-9046-BA4F585F33A9}.MinSizeRel|x64.Build.0 = MinSizeRel|x64
		{EC4B97AD-0A17-3D1B-9046-BA4F585F33A9}.Release|x64.ActiveCfg = Release|x64
		{EC4B97AD-0A17-3D1B-9046-BA4F585F33A9}.Release|x64.Build.0 = Release|x64
		{EC4B97AD-0A17-3D1B-9046-BA4F585F33A9}.RelWithDebInfo|x64.ActiveCfg = RelWithDebInfo|x64
		{EC4B97AD-0A17-3D1B-9046-BA4F585F33A9}.RelWithDebInfo|x64.Build.0 = RelWithDebInfo|x64
		{D2F9E40B-9E32-3CA9-8D05-AE39AC0A306D}.Debug|x64.ActiveCfg = Debug|x64
		{D2F9E40B-9E32-3CA9-8D05-AE39AC0A306D}.Debug|x64.Build.0 = Debug|x64
		{D2F9E40B-9E32-3CA9-8D05-AE39AC0A306D}.MinSizeRel|x64.ActiveCfg = MinSizeRel|x64
		{D2F9E40B-9E32-3CA9-8D05-AE39AC0A306D}.MinSizeRel|x64.Build.0 = MinSizeRel|x64
		{D2F9E40B-9E32-3CA9-8D05-AE39AC0A306D}.Release|x64.ActiveCfg = Release|x64
		{D2F9E40B-9E32-3CA9-8D05-AE39AC0A306D}.Release|x64.Build.0 = Release|x64
		{D2F9E40B-9E32-3CA9-8D05-AE39AC0A306D}.RelWithDebInfo|x64.ActiveCfg = RelWithDebInfo|x64
		{D2F9E40B-9E32-3CA9-8D05-AE39AC0A306D}.RelWithDebInfo|x64.Build.0 = RelWithDebInfo|x64
		{F5F7C023-A1DF-3D8E-A2F0-27A663D27D5A}.Debug|x64.ActiveCfg = Debug|x64
		{F5F7C023-A1DF-3D8E-A2F0-27A663D27D5A}.Debug|x64.Build.0 = Debug|x64
		{F5F7C023-A1DF-3D8E-A2F0-27A663D27D5A}.MinSizeRel|x64.ActiveCfg = MinSizeRel|x64
		{F5F7C023-A1DF-3D8E-A2F0-27A663D27D5A}.MinSizeRel|x64.Build.0 = MinSizeRel|x64
		{F5F7C023-A1DF-3D8E-A2F0-27A663D27D5A}.Release|x64.ActiveCfg = Release|x64
		{F5F7C023-A1DF-3D8E-A2F0-27A663D27D5A}.Release|x64.Build.0 = Release|x64
		{F5F7C023-A1DF-3D8E-A2F0-27A663D27D5A}.RelWithDebInfo|x64.ActiveCfg = RelWithDebInfo|x64
		{F5F7C023-A1DF-3D8E-A2F0-27A663D27D5A}.RelWithDebInfo|x64.Build.0 = RelWithDebInfo|x64
		{6FFB33F9-0C66-3F20-B488-94BA8878006B}.Debug|x64.ActiveCfg = Debug|x64
		{6FFB33F9-0C66-3F20-B488-94BA8878006B}.Debug|x64.Build.0 = Debug|x64
		{6FFB33F9-0C66-3F20-B488-94BA8878006B}.MinSizeRel|x64.ActiveCfg = MinSizeRel|x64
		{6FFB33F9-0C66-3F20-B488-94BA8878006B}.MinSizeRel|x64.Build.0 = MinSizeRel|x64
		{6FFB33F9-0C66-3F20-B488-94BA8878006B}.Release|x64.ActiveCfg = Release|x64
		{6FFB33F9-0C66-3F20-B488-94BA8878006B}.Release|x64.Build.0 = Release|x64
		{6FFB33F9-0C66-3F20-B488-94BA8878006B}.RelWithDebInfo|x64.ActiveCfg = RelWithDebInfo|x64
		{6FFB33F9-0C66-3F20-B488-94BA8878006B}.RelWithDebInfo|x64.Build.0 = RelWithDebInfo|x64
		{33D33BE6-30C2-3B79-94D2-DD344BC20483}.Debug|x64.ActiveCfg = Debug|x64
		{33D33BE6-30C2-3B79-94D2-DD344BC20483}.Debug|x64.Build.0 = Debug|x64
		{33D33BE6-30C2-3B79-94D2-DD344BC20483}.MinSizeRel|x64.ActiveCfg = MinSizeRel|x64
		{33D33BE6-30C2-3B79-94D2-DD344BC20483}.MinSizeRel|x64.Build.0 = MinSizeRel|x64
		{33D33BE6-30C2-3B79-94D2-DD344BC20483}.Release|x64.ActiveCfg = Release|x64
		{33D33BE6-30C2-3B79-94D2-DD344BC20483}.Release|x64.Build.0 = Release|x64
		{33D33BE6-30C2-3B79-94D2-DD344BC20483}.RelWithDebInfo|x64.ActiveCfg = RelWithDebInfo|x64
		{33D33BE6-30C2-3B79-94D2-DD344BC20483}.RelWithDebInfo|x64.Build.0 = RelWithDebInfo|x64
		{5CF4697C-FBF7-3AB1-ADF3-7AC440D2AEEC}.Debug|x64.ActiveCfg = Debug|x64
		{5CF4697C-FBF7-3AB1-ADF3-7AC440D2AEEC}.Debug|x64.Build.0 = Debug|x64
		{5CF4697C-FBF7-3AB1-ADF3-7AC440D2AEEC}.MinSizeRel|x64.ActiveCfg = MinSizeRel|x64
		{5CF4697C-FBF7-3AB1-ADF3-7AC440D2AEEC}.MinSizeRel|x64.Build.0 = MinSizeRel|x64
		{5CF4697C-FBF7-3AB1-ADF3-7AC440D2AEEC}.Release|x64.ActiveCfg = Release|x64
		{5CF4697C-FBF7-3AB1-ADF3-7AC440D2AEEC}.Release|x64.Build.0 = Release|x64
		{5CF4697C-FBF7-3AB1-ADF3-7AC440D2AEEC}.RelWithDebInfo|x64.ActiveCfg = RelWithDebInfo|x64
		{5CF4697C-FBF7-3AB1-ADF3-7AC440D2AEEC}.RelWithDebInfo|x64.Build.0 = RelWithDebInfo|x64
		{91E3F8DA-E17D-3124-AE01-DD858F41FAC0}.Debug|x64.ActiveCfg = Debug|x64
		{91E3F8DA-E17D-3124-AE01-DD858F41FAC0}.Debug|x64.Build.0 = Debug|x64
		{91E3F8DA-E17D-3124-AE01-DD858F41FAC0}.MinSizeRel|x64.ActiveCfg = MinSizeRel|x64
		{91E3F8DA-E17D-3124-AE01-DD858F41FAC0}.MinSizeRel|x64.Build.0 = MinSizeRel|x64
		{91E3F8DA-E17D-3124-AE01-DD858F41FAC0}.Release|x64.ActiveCfg = Release|x64
		{91E3F8DA-E17D-3124-AE01-DD858F41FAC0}.Release|x64.Build.0 = Release|x64
		{91E3F8DA-E17D-3124-AE01-DD858F41FAC0}.RelWithDebInfo|x64.ActiveCfg = RelWithDebInfo|x64
		{91E3F8DA-E17D-3124-AE01-DD858F41FAC0}.RelWithDebInfo|x64.Build.0 = RelWithDebInfo|x64
		{51F3DF93-4ECA-3B5F-AC53-E5ECFF7AEF99}.Debug|x64.ActiveCfg = Debug|x64
		{51F3DF93-4ECA-3B5F-AC53-E5ECFF7AEF99}.Debug|x64.Build.0 = Debug|x64
		{51F3DF93-4ECA-3B5F-AC53-E5ECFF7AEF99}.MinSizeRel|x64.ActiveCfg = MinSizeRel|x64
		{51F3DF93-4ECA-3B5F-AC53-E5ECFF7AEF99}.MinSizeRel|x64.Build.0 = MinSizeRel|x64
		{51F3DF93-4ECA-3B5F-AC53-E5ECFF7AEF99}.Release|x64.ActiveCfg = Release|x64
		{51F3DF93-4ECA-3B5F-AC53-E5ECFF7AEF99}.Release|x64.Build.0 = Release|x64
		{51F3DF93-4ECA-3B5F-AC53-E5ECFF7AEF99}.RelWithDebInfo|x64.ActiveCfg = RelWithDebInfo|x64
		{51F3DF93-4ECA-3B5F-AC53-E5ECFF7AEF99}.RelWithDebInfo|x64.Build.0 = RelWithDebInfo|x64
		{33867754-C5B4-30DC-BEEF-569A84107727}.Debug|x64.ActiveCfg = Debug|x64
		{33867754-C5B4-30DC-BEEF-569A84107727}.Debug|x64.Build.0 = Debug|x64
		{33867754-C5B4-30DC-BEEF-569A84107727}.MinSizeRel|x64.ActiveCfg = MinSizeRel|x64
		{33867754-C5B4-30DC-BEEF-569A84107727}.MinSizeRel|x64.Build.0 = MinSizeRel|x64
		{33867754-C5B4-30DC-BEEF-569A84107727}.Release|x64.ActiveCfg = Release|x64
		{33867754-C5B4-30DC-BEEF-569A84107727}.Release|x64.Build.0 = Release|x64
		{33867754-C5B4-30DC-BEEF-569A84107727}.RelWithDebInfo|x64.ActiveCfg = RelWithDebInfo|x64
		{33867754-C5B4-30DC-BEEF-569A84107727}.RelWithDebInfo|x64.Build.0 = RelWithDebInfo|x64
		{19B65435-2515-3D39-B8D1-D5815F649822}.Debug|x64.ActiveCfg = Debug|x64
		{19B65435-2515-3D39-B8D1-D5815F649822}.Debug|x64.Build.0 = Debug|x64
		{19B65435-2515-3D39-B8D1-D5815F649822}.MinSizeRel|x64.ActiveCfg = MinSizeRel|x64
		{19B65435-2515-3D39-B8D1-D5815F649822}.MinSizeRel|x64.Build.0 = MinSizeRel|x64
		{19B65435-2515-3D39-B8D1-D5815F649822}.Release|x64.ActiveCfg = Release|x64
		{19B65435-2515-3D39-B8D1-D5815F649822}.Release|x64.Build.0 = Release|x64
		{19B65435-2515-3D39-B8D1-D5815F649822}.RelWithDebInfo|x64.ActiveCfg = RelWithDebInfo|x64
		{19B65435-2515-3D39-B8D1-D5815F649822}.RelWithDebInfo|x64.Build.0 = RelWithDebInfo|x64
		{2EAD6C3C-93FC-39CA-82CF-5C651DE9F85A}.Debug|x64.ActiveCfg = Debug|x64
		{2EAD6C3C-93FC-39CA-82CF-5C651DE9F85A}.Debug|x64.Build.0 = Debug|x64
		{2EAD6C3C-93FC-39CA-82CF-5C651DE9F85A}.MinSizeRel|x64.ActiveCfg = MinSizeRel|x64
		{2EAD6C3C-93FC-39CA-82CF-5C651DE9F85A}.MinSizeRel|x64.Build.0 = MinSizeRel|x64
		{2EAD6C3C-93FC-39CA-82CF-5C651DE9F85A}.Release|x64.ActiveCfg = Release|x64
		{2EAD6C3C-93FC-39CA-82CF-5C651DE9F85A}.Release|x64.Build.0 = Release|x64
		{2EAD6C3C-93FC-39CA-82CF-5C651DE9F85A}.RelWithDebInfo|x64.ActiveCfg = RelWithDebInfo|x64
		{2EAD6C3C-93FC-39CA-82CF-5C651DE9F85A}.RelWithDebInfo|x64.Build.0 = RelWithDebInfo|x64
		{0266DAEE-2EDE-3BD5-B49A-706E71630028}.Debug|x64.ActiveCfg = Debug|x64
		{0266DAEE-2EDE-3BD5-B49A-706E71630028}.Debug|x64.Build.0 = Debug|x64
		{0266DAEE-2EDE-3BD5-B49A-706E71630028}.MinSizeRel|x64.ActiveCfg = MinSizeRel|x64
		{0266DAEE-2EDE-3BD5-B49A-706E71630028}.MinSizeRel|x64.Build.0 = MinSizeRel|x64
		{0266DAEE-2EDE-3BD5-B49A-706E71630028}.Release|x64.ActiveCfg = Release|x64
		{0266DAEE-2EDE-3BD5-B49A-706E71630028}.Release|x64.Build.0 = Release|x64
		{0266DAEE-2EDE-3BD5-B49A-706E71630028}.RelWithDebInfo|x64.ActiveCfg = RelWithDebInfo|x64
		{0266DAEE-2EDE-3BD5-B49A-706E71630028}.RelWithDebInfo|x64.Build.0 = RelWithDebInfo|x64
		{9D71BB4A-76B1-3E17-8832-C293BC32C0EF}.Debug|x64.ActiveCfg = Debug|x64
		{9D71BB4A-76B1-3E17-8832-C293BC32C0EF}.Debug|x64.Build.0 = Debug|x64
		{9D71BB4A-76B1-3E17-8832-C293BC32C0EF}.MinSizeRel|x64.ActiveCfg = MinSizeRel|x64
		{9D71BB4A-76B1-3E17-8832-C293BC32C0EF}.MinSizeRel|x64.Build.0 = MinSizeRel|x64
		{9D71BB4A-76B1-3E17-8832-C293BC32C0EF}.Release|x64.ActiveCfg = Release|x64
		{9D71BB4A-76B1-3E17-8832-C293BC32C0EF}.Release|x64.Build.0 = Release|x64
		{9D71BB4A-76B1-3E17-8832-C293BC32C0EF}.RelWithDebInfo|x64.ActiveCfg = RelWithDebInfo|x64
		{9D71BB4A-76B1-3E17-8832-C293BC32C0EF}.RelWithDebInfo|x64.Build.0 = RelWithDebInfo|x64
		{0C386CE5-74E0-3E7D-BF92-7EEE975DB8C0}.Debug|x64.ActiveCfg = Debug|x64
		{0C386CE5-74E0-3E7D-BF92-7EEE975DB8C0}.Debug|x64.Build.0 = Debug|x64
		{0C386CE5-74E0-3E7D-BF92-7EEE975DB8C0}.MinSizeRel|x64.ActiveCfg = MinSizeRel|x64
		{0C386CE5-74E0-3E7D-BF92-7EEE975DB8C0}.MinSizeRel|x64.Build.0 = MinSizeRel|x64
		{0C386CE5-74E0-3E7D-BF92-7EEE975DB8C0}.Release|x64.ActiveCfg = Release|x64
		{0C386CE5-74E0-3E7D-BF92-7EEE975DB8C0}.Release|x64.Build.0 = Release|x64
		{0C386CE5-74E0-3E7D-BF92-7EEE975DB8C0}.RelWithDebInfo|x64.ActiveCfg = RelWithDebInfo|x64
		{0C386CE5-74E0-3E7D-BF92-7EEE975DB8C0}.RelWithDebInfo|x64.Build.0 = RelWithDebInfo|x64
		{D6681479-33A2-3D33-8EFC-9AB5F8071127}.Debug|x64.ActiveCfg = Debug|x64
		{D6681479-33A2-3D33-8EFC-9AB5F8071127}.Debug|x64.Build.0 = Debug|x64
		{D6681479-33A2-3D33-8EFC-9AB5F8071127}.MinSizeRel|x64.ActiveCfg = MinSizeRel|x64
		{D6681479-33A2-3D33-8EFC-9AB5F8071127}.MinSizeRel|x64.Build.0 = MinSizeRel|x64
		{D6681479-33A2-3D33-8EFC-9AB5F8071127}.Release|x64.ActiveCfg = Release|x64
		{D6681479-33A2-3D33-8EFC-9AB5F8071127}.Release|x64.Build.0 = Release|x64
		{D6681479-33A2-3D33-8EFC-9AB5F8071127}.RelWithDebInfo|x64.ActiveCfg = RelWithDebInfo|x64
		{D6681479-33A2-3D33-8EFC-9AB5F8071127}.RelWithDebInfo|x64.Build.0 = RelWithDebInfo|x64
		{B4C97434-BBF4-3DD4-A85E-C40EFFF8D1D1}.Debug|x64.ActiveCfg = Debug|x64
		{B4C97434-BBF4-3DD4-A85E-C40EFFF8D1D1}.Debug|x64.Build.0 = Debug|x64
		{B4C97434-BBF4-3DD4-A85E-C40EFFF8D1D1}.MinSizeRel|x64.ActiveCfg = MinSizeRel|x64
		{B4C97434-BBF4-3DD4-A85E-C40EFFF8D1D1}.MinSizeRel|x64.Build.0 = MinSizeRel|x64
		{B4C97434-BBF4-3DD4-A85E-C40EFFF8D1D1}.Release|x64.ActiveCfg = Release|x64
		{B4C97434-BBF4-3DD4-A85E-C40EFFF8D1D1}.Release|x64.Build.0 = Release|x64
		{B4C97434-BBF4-3DD4-A85E-C40EFFF8D1D1}.RelWithDebInfo|x64.ActiveCfg = RelWithDebInfo|x64
		{B4C97434-BBF4-3DD4-A85E-C40EFFF8D1D1}.RelWithDebInfo|x64.Build.0 = RelWithDebInfo|x64
		{93E64180-2E5B-3A12-84EB-0C0C9599E06E}.Debug|x64.ActiveCfg = Debug|x64
		{93E64180-2E5B-3A12-84EB-0C0C9599E06E}.Debug|x64.Build.0 = Debug|x64
		{93E64180-2E5B-3A12-84EB-0C0C9599E06E}.MinSizeRel|x64.ActiveCfg = MinSizeRel|x64
		{93E64180-2E5B-3A12-84EB-0C0C9599E06E}.MinSizeRel|x64.Build.0 = MinSizeRel|x64
		{93E64180-2E5B-3A12-84EB-0C0C9599E06E}.Release|x64.ActiveCfg = Release|x64
		{93E64180-2E5B-3A12-84EB-0C0C9599E06E}.Release|x64.Build.0 = Release|x64
		{93E64180-2E5B-3A12-84EB-0C0C9599E06E}.RelWithDebInfo|x64.ActiveCfg = RelWithDebInfo|x64
		{93E64180-2E5B-3A12-84EB-0C0C9599E06E}.RelWithDebInfo|x64.Build.0 = RelWithDebInfo|x64
		{AA35C457-8C3B-35BF-BDFF-69F38AC214F2}.Debug|x64.ActiveCfg = Debug|x64
		{AA35C457-8C3B-35BF-BDFF-69F38AC214F2}.Debug|x64.Build.0 = Debug|x64
		{AA35C457-8C3B-35BF-BDFF-69F38AC214F2}.MinSizeRel|x64.ActiveCfg = MinSizeRel|x64
		{AA35C457-8C3B-35BF-BDFF-69F38AC214F2}.MinSizeRel|x64.Build.0 = MinSizeRel|x64
		{AA35C457-8C3B-35BF-BDFF-69F38AC214F2}.Release|x64.ActiveCfg = Release|x64
		{AA35C457-8C3B-35BF-BDFF-69F38AC214F2}.Release|x64.Build.0 = Release|x64
		{AA35C457-8C3B-35BF-BDFF-69F38AC214F2}.RelWithDebInfo|x64.ActiveCfg = RelWithDebInfo|x64
		{AA35C457-8C3B-35BF-BDFF-69F38AC214F2}.RelWithDebInfo|x64.Build.0 = RelWithDebInfo|x64
		{205C2501-5B80-3A39-AEE6-2A19FDC77A3F}.Debug|x64.ActiveCfg = Debug|x64
		{205C2501-5B80-3A39-AEE6-2A19FDC77A3F}.Debug|x64.Build.0 = Debug|x64
		{205C2501-5B80-3A39-AEE6-2A19FDC77A3F}.MinSizeRel|x64.ActiveCfg = MinSizeRel|x64
		{205C2501-5B80-3A39-AEE6-2A19FDC77A3F}.MinSizeRel|x64.Build.0 = MinSizeRel|x64
		{205C2501-5B80-3A39-AEE6-2A19FDC77A3F}.Release|x64.ActiveCfg = Release|x64
		{205C2501-5B80-3A39-AEE6-2A19FDC77A3F}.Release|x64.Build.0 = Release|x64
		{205C2501-5B80-3A39-AEE6-2A19FDC77A3F}.RelWithDebInfo|x64.ActiveCfg = RelWithDebInfo|x64
		{205C2501-5B80-3A39-AEE6-2A19FDC77A3F}.RelWithDebInfo|x64.Build.0 = RelWithDebInfo|x64
		{2B5C2C96-81C2-328F-9548-94AE139FB2E1}.Debug|x64.ActiveCfg = Debug|x64
		{2B5C2C96-81C2-328F-9548-94AE139FB2E1}.Debug|x64.Build.0 = Debug|x64
		{2B5C2C96-81C2-328F-9548-94AE139FB2E1}.MinSizeRel|x64.ActiveCfg = MinSizeRel|x64
		{2B5C2C96-81C2-328F-9548-94AE139FB2E1}.MinSizeRel|x64.Build.0 = MinSizeRel|x64
		{2B5C2C96-81C2-328F-9548-94AE139FB2E1}.Release|x64.ActiveCfg = Release|x64
		{2B5C2C96-81C2-328F-9548-94AE139FB2E1}.Release|x64.Build.0 = Release|x64
		{2B5C2C96-81C2-328F-9548-94AE139FB2E1}.RelWithDebInfo|x64.ActiveCfg = RelWithDebInfo|x64
		{2B5C2C96-81C2-328F-9548-94AE139FB2E1}.RelWithDebInfo|x64.Build.0 = RelWithDebInfo|x64
		{560E10B0-F9AD-30B4-88D4-10951975363C}.Debug|x64.ActiveCfg = Debug|x64
		{560E10B0-F9AD-30B4-88D4-10951975363C}.Debug|x64.Build.0 = Debug|x64
		{560E10B0-F9AD-30B4-88D4-10951975363C}.MinSizeRel|x64.ActiveCfg = MinSizeRel|x64
		{560E10B0-F9AD-30B4-88D4-10951975363C}.MinSizeRel|x64.Build.0 = MinSizeRel|x64
		{560E10B0-F9AD-30B4-88D4-10951975363C}.Release|x64.ActiveCfg = Release|x64
		{560E10B0-F9AD-30B4-88D4-10951975363C}.Release|x64.Build.0 = Release|x64
		{560E10B0-F9AD-30B4-88D4-10951975363C}.RelWithDebInfo|x64.ActiveCfg = RelWithDebInfo|x64
		{560E10B0-F9AD-30B4-88D4-10951975363C}.RelWithDebInfo|x64.Build.0 = RelWithDebInfo|x64
		{0E6B726C-F755-3794-AB0B-B30B3FFEF060}.Debug|x64.ActiveCfg = Debug|x64
		{0E6B726C-F755-3794-AB0B-B30B3FFEF060}.Debug|x64.Build.0 = Debug|x64
		{0E6B726C-F755-3794-AB0B-B30B3FFEF060}.MinSizeRel|x64.ActiveCfg = MinSizeRel|x64
		{0E6B726C-F755-3794-AB0B-B30B3FFEF060}.MinSizeRel|x64.Build.0 = MinSizeRel|x64
		{0E6B726C-F755-3794-AB0B-B30B3FFEF060}.Release|x64.ActiveCfg = Release|x64
		{0E6B726C-F755-3794-AB0B-B30B3FFEF060}.Release|x64.Build.0 = Release|x64
		{0E6B726C-F755-3794-AB0B-B30B3FFEF060}.RelWithDebInfo|x64.ActiveCfg = RelWithDebInfo|x64
		{0E6B726C-F755-3794-AB0B-B30B3FFEF060}.RelWithDebInfo|x64.Build.0 = RelWithDebInfo|x64
		{FAE35B55-6B4A-3F07-A8DF-49229E806CF2}.Debug|x64.ActiveCfg = Debug|x64
		{FAE35B55-6B4A-3F07-A8DF-49229E806CF2}.Debug|x64.Build.0 = Debug|x64
		{FAE35B55-6B4A-3F07-A8DF-49229E806CF2}.MinSizeRel|x64.ActiveCfg = MinSizeRel|x64
		{FAE35B55-6B4A-3F07-A8DF-49229E806CF2}.MinSizeRel|x64.Build.0 = MinSizeRel|x64
		{FAE35B55-6B4A-3F07-A8DF-49229E806CF2}.Release|x64.ActiveCfg = Release|x64
		{FAE35B55-6B4A-3F07-A8DF-49229E806CF2}.Release|x64.Build.0 = Release|x64
		{FAE35B55-6B4A-3F07-A8DF-49229E806CF2}.RelWithDebInfo|x64.ActiveCfg = RelWithDebInfo|x64
		{FAE35B55-6B4A-3F07-A8DF-49229E806CF2}.RelWithDebInfo|x64.Build.0 = RelWithDebInfo|x64
		{2AF8C19C-5A21-3E4C-89AF-0848C470F476}.Debug|x64.ActiveCfg = Debug|x64
		{2AF8C19C-5A21-3E4C-89AF-0848C470F476}.Debug|x64.Build.0 = Debug|x64
		{2AF8C19C-5A21-3E4C-89AF-0848C470F476}.MinSizeRel|x64.ActiveCfg = MinSizeRel|x64
		{2AF8C19C-5A21-3E4C-89AF-0848C470F476}.MinSizeRel|x64.Build.0 = MinSizeRel|x64
		{2AF8C19C-5A21-3E4C-89AF-0848C470F476}.Release|x64.ActiveCfg = Release|x64
		{2AF8C19C-5A21-3E4C-89AF-0848C470F476}.Release|x64.Build.0 = Release|x64
		{2AF8C19C-5A21-3E4C-89AF-0848C470F476}.RelWithDebInfo|x64.ActiveCfg = RelWithDebInfo|x64
		{2AF8C19C-5A21-3E4C-89AF-0848C470F476}.RelWithDebInfo|x64.Build.0 = RelWithDebInfo|x64
		{FA9FA847-2D73-38B6-BD55-BE30158AC751}.Debug|x64.ActiveCfg = Debug|x64
		{FA9FA847-2D73-38B6-BD55-BE30158AC751}.Debug|x64.Build.0 = Debug|x64
		{FA9FA847-2D73-38B6-BD55-BE30158AC751}.MinSizeRel|x64.ActiveCfg = MinSizeRel|x64
		{FA9FA847-2D73-38B6-BD55-BE30158AC751}.MinSizeRel|x64.Build.0 = MinSizeRel|x64
		{FA9FA847-2D73-38B6-BD55-BE30158AC751}.Release|x64.ActiveCfg = Release|x64
		{FA9FA847-2D73-38B6-BD55-BE30158AC751}.Release|x64.Build.0 = Release|x64
		{FA9FA847-2D73-38B6-BD55-BE30158AC751}.RelWithDebInfo|x64.ActiveCfg = RelWithDebInfo|x64
		{FA9FA847-2D73-38B6-BD55-BE30158AC751}.RelWithDebInfo|x64.Build.0 = RelWithDebInfo|x64
		{DA761722-7460-3AD5-B6C9-8E72A9136B1F}.Debug|x64.ActiveCfg = Debug|x64
		{DA761722-7460-3AD5-B6C9-8E72A9136B1F}.Debug|x64.Build.0 = Debug|x64
		{DA761722-7460-3AD5-B6C9-8E72A9136B1F}.MinSizeRel|x64.ActiveCfg = MinSizeRel|x64
		{DA761722-7460-3AD5-B6C9-8E72A9136B1F}.MinSizeRel|x64.Build.0 = MinSizeRel|x64
		{DA761722-7460-3AD5-B6C9-8E72A9136B1F}.Release|x64.ActiveCfg = Release|x64
		{DA761722-7460-3AD5-B6C9-8E72A9136B1F}.Release|x64.Build.0 = Release|x64
		{DA761722-7460-3AD5-B6C9-8E72A9136B1F}.RelWithDebInfo|x64.ActiveCfg = RelWithDebInfo|x64
		{DA761722-7460-3AD5-B6C9-8E72A9136B1F}.RelWithDebInfo|x64.Build.0 = RelWithDebInfo|x64
		{CF67F048-279D-38CE-9C4D-C6991018249C}.Debug|x64.ActiveCfg = Debug|x64
		{CF67F048-279D-38CE-9C4D-C6991018249C}.Debug|x64.Build.0 = Debug|x64
		{CF67F048-279D-38CE-9C4D-C6991018249C}.MinSizeRel|x64.ActiveCfg = MinSizeRel|x64
		{CF67F048-279D-38CE-9C4D-C6991018249C}.MinSizeRel|x64.Build.0 = MinSizeRel|x64
		{CF67F048-279D-38CE-9C4D-C6991018249C}.Release|x64.ActiveCfg = Release|x64
		{CF67F048-279D-38CE-9C4D-C6991018249C}.Release|x64.Build.0 = Release|x64
		{CF67F048-279D-38CE-9C4D-C6991018249C}.RelWithDebInfo|x64.ActiveCfg = RelWithDebInfo|x64
		{CF67F048-279D-38CE-9C4D-C6991018249C}.RelWithDebInfo|x64.Build.0 = RelWithDebInfo|x64
		{9DF3AF7F-79CA-3D4A-8460-150DAD4055EF}.Debug|x64.ActiveCfg = Debug|x64
		{9DF3AF7F-79CA-3D4A-8460-150DAD4055EF}.Debug|x64.Build.0 = Debug|x64
		{9DF3AF7F-79CA-3D4A-8460-150DAD4055EF}.MinSizeRel|x64.ActiveCfg = MinSizeRel|x64
		{9DF3AF7F-79CA-3D4A-8460-150DAD4055EF}.MinSizeRel|x64.Build.0 = MinSizeRel|x64
		{9DF3AF7F-79CA-3D4A-8460-150DAD4055EF}.Release|x64.ActiveCfg = Release|x64
		{9DF3AF7F-79CA-3D4A-8460-150DAD4055EF}.Release|x64.Build.0 = Release|x64
		{9DF3AF7F-79CA-3D4A-8460-150DAD4055EF}.RelWithDebInfo|x64.ActiveCfg = RelWithDebInfo|x64
		{9DF3AF7F-79CA-3D4A-8460-150DAD4055EF}.RelWithDebInfo|x64.Build.0 = RelWithDebInfo|x64
		{2CA95068-1FAA-3934-93DF-6B7A20C9CA9E}.Debug|x64.ActiveCfg = Debug|x64
		{2CA95068-1FAA-3934-93DF-6B7A20C9CA9E}.Debug|x64.Build.0 = Debug|x64
		{2CA95068-1FAA-3934-93DF-6B7A20C9CA9E}.MinSizeRel|x64.ActiveCfg = MinSizeRel|x64
		{2CA95068-1FAA-3934-93DF-6B7A20C9CA9E}.MinSizeRel|x64.Build.0 = MinSizeRel|x64
		{2CA95068-1FAA-3934-93DF-6B7A20C9CA9E}.Release|x64.ActiveCfg = Release|x64
		{2CA95068-1FAA-3934-93DF-6B7A20C9CA9E}.Release|x64.Build.0 = Release|x64
		{2CA95068-1FAA-3934-93DF-6B7A20C9CA9E}.RelWithDebInfo|x64.ActiveCfg = RelWithDebInfo|x64
		{2CA95068-1FAA-3934-93DF-6B7A20C9CA9E}.RelWithDebInfo|x64.Build.0 = RelWithDebInfo|x64
		{651CFA81-0BC3-4D5A-AF48-719BE308CB57}.Debug|x64.ActiveCfg = Debug|x64
		{651CFA81-0BC3-4D5A-AF48-719BE308CB57}.Debug|x64.Build.0 = Debug|x64
		{651CFA81-0BC3-4D5A-AF48-719BE308CB57}.MinSizeRel|x64.ActiveCfg = Debug|x64
		{651CFA81-0BC3-4D5A-AF48-719BE308CB57}.MinSizeRel|x64.Build.0 = Debug|x64
		{651CFA81-0BC3-4D5A-AF48-719BE308CB57}.Release|x64.ActiveCfg = Release|x64
		{651CFA81-0BC3-4D5A-AF48-719BE308CB57}.Release|x64.Build.0 = Release|x64
		{651CFA81-0BC3-4D5A-AF48-719BE308CB57}.RelWithDebInfo|x64.ActiveCfg = Release|x64
		{651CFA81-0BC3-4D5A-AF48-719BE308CB57}.RelWithDebInfo|x64.Build.0 = Release|x64
	EndGlobalSection
	GlobalSection(SolutionProperties) = preSolution
		HideSolutionNode = FALSE
	EndGlobalSection
	GlobalSection(NestedProjects) = preSolution
		{D4A9CA23-CA39-3F51-8096-3DBD0B101991} = {D2D2FA08-9BD3-3548-9CBE-8D339EBEC3F3}
		{DFFE6B6D-8E2B-320C-9962-F87792295809} = {D2D2FA08-9BD3-3548-9CBE-8D339EBEC3F3}
	EndGlobalSection
	GlobalSection(ExtensibilityGlobals) = postSolution
		SolutionGuid = {C1B6A8F4-9BA2-3F55-91E9-C2269E3066A6}
	EndGlobalSection
EndGlobal
