<?xml version="1.0" encoding="utf-8"?>
<Project ToolsVersion="16.0" xmlns="http://schemas.microsoft.com/developer/msbuild/2003">
  <ItemGroup>
    <ClCompile Include="C:\ProgramData\NVIDIA Corporation\OptiX SDK 8.0.0\SDK\optixOpticalFlow\optixOpticalFlow.cpp">
      <Filter>Source Files</Filter>
    </ClCompile>
  </ItemGroup>
  <ItemGroup>
    <ClInclude Include="C:\ProgramData\NVIDIA Corporation\OptiX SDK 8.0.0\SDK\optixOpticalFlow\nvOpticalFlowCommon.h">
      <Filter>Header Files</Filter>
    </ClInclude>
    <ClInclude Include="C:\ProgramData\NVIDIA Corporation\OptiX SDK 8.0.0\SDK\optixOpticalFlow\nvOpticalFlowCuda.h">
      <Filter>Header Files</Filter>
    </ClInclude>
  </ItemGroup>
  <ItemGroup>
    <CustomBuild Include="C:\ProgramData\NVIDIA Corporation\OptiX SDK 8.0.0\SDK\optixOpticalFlow\optixOpticalFlow.cu">
      <Filter>CUDA Files</Filter>
    </CustomBuild>
    <CustomBuild Include="C:\ProgramData\NVIDIA Corporation\OptiX SDK 8.0.0\SDK\optixOpticalFlow\CMakeLists.txt" />
  </ItemGroup>
  <ItemGroup>
    <Object Include="C:\ProgramData\NVIDIA Corporation\OptiX SDK 8.0.0\SDK\lib\ptx\$(Configuration)\optixOpticalFlow_generated_optixOpticalFlow.cu.obj">
      <Filter>Object Files</Filter>
    </Object>
  </ItemGroup>
  <ItemGroup>
    <Filter Include="CUDA Files">
      <UniqueIdentifier>{9EF7B828-69D2-36A7-B29A-C97997ECA36B}</UniqueIdentifier>
    </Filter>
    <Filter Include="Header Files">
      <UniqueIdentifier>{A5120AF3-2B4C-35D8-8301-B463A51937AC}</UniqueIdentifier>
    </Filter>
    <Filter Include="Object Files">
      <UniqueIdentifier>{559CF275-47A9-3C4A-9747-0348554A1536}</UniqueIdentifier>
    </Filter>
    <Filter Include="Source Files">
      <UniqueIdentifier>{993DC61F-1F20-3FDB-AA6F-B70E6792507A}</UniqueIdentifier>
    </Filter>
  </ItemGroup>
</Project>
