<?xml version="1.0" encoding="utf-8"?>
<Project ToolsVersion="16.0" xmlns="http://schemas.microsoft.com/developer/msbuild/2003">
  <ItemGroup>
    <ClCompile Include="C:\ProgramData\NVIDIA Corporation\OptiX SDK 8.0.0\SDK\optixModuleCreateAbort\optixModuleCreateProcess.cpp">
      <Filter>Source Files</Filter>
    </ClCompile>
  </ItemGroup>
  <ItemGroup>
    <CustomBuild Include="C:\ProgramData\NVIDIA Corporation\OptiX SDK 8.0.0\SDK\optixModuleCreateAbort\CMakeLists.txt" />
  </ItemGroup>
  <ItemGroup>
    <Filter Include="Source Files">
      <UniqueIdentifier>{993DC61F-1F20-3FDB-AA6F-B70E6792507A}</UniqueIdentifier>
    </Filter>
  </ItemGroup>
</Project>
